
Microsoft Visual Studio Solution File, Format Version 12.00
# Visual Studio Version 17
VisualStudioVersion = 17.4.33213.308
MinimumVisualStudioVersion = 10.0.40219.1
Project("{FAE04EC0-301F-11D3-BF4B-00C04F79EFBC}") = "uzhas09", "uzhas09\uzhas09.csproj", "{45440C34-E8C1-456A-A5B1-44E381B6D253}"
EndProject
Global
	GlobalSection(SolutionConfigurationPlatforms) = preSolution
		Debug|Any CPU = Debug|Any CPU
		Release|Any CPU = Release|Any CPU
	EndGlobalSection
	GlobalSection(ProjectConfigurationPlatforms) = postSolution
		{45440C34-E8C1-456A-A5B1-44E381B6D253}.Debug|Any CPU.ActiveCfg = Debug|Any CPU
		{45440C34-E8C1-456A-A5B1-44E381B6D253}.Debug|Any CPU.Build.0 = Debug|Any CPU
		{45440C34-E8C1-456A-A5B1-44E381B6D253}.Release|Any CPU.ActiveCfg = Release|Any CPU
		{45440C34-E8C1-456A-A5B1-44E381B6D253}.Release|Any CPU.Build.0 = Release|Any CPU
	EndGlobalSection
	GlobalSection(SolutionProperties) = preSolution
		HideSolutionNode = FALSE
	EndGlobalSection
	GlobalSection(ExtensibilityGlobals) = postSolution
		SolutionGuid = {5F561AA7-4D20-4158-885B-C58642476075}
	EndGlobalSection
EndGlobal
